
Microsoft Visual Studio Solution File, Format Version 12.00
# Visual Studio 15
VisualStudioVersion = 15.0.26730.12
MinimumVisualStudioVersion = 10.0.40219.1
Project("{FAE04EC0-301F-11D3-BF4B-00C04F79EFBC}") = "Enums", "Enums\Enums.csproj", "{34B07293-155F-4449-9042-6F26565F287A}"
EndProject
Global
	GlobalSection(SolutionConfigurationPlatforms) = preSolution
		Debug|Any CPU = Debug|Any CPU
		Release|Any CPU = Release|Any CPU
	EndGlobalSection
	GlobalSection(ProjectConfigurationPlatforms) = postSolution
		{34B07293-155F-4449-9042-6F26565F287A}.Debug|Any CPU.ActiveCfg = Debug|Any CPU
		{34B07293-155F-4449-9042-6F26565F287A}.Debug|Any CPU.Build.0 = Debug|Any CPU
		{34B07293-155F-4449-9042-6F26565F287A}.Release|Any CPU.ActiveCfg = Release|Any CPU
		{34B07293-155F-4449-9042-6F26565F287A}.Release|Any CPU.Build.0 = Release|Any CPU
	EndGlobalSection
	GlobalSection(SolutionProperties) = preSolution
		HideSolutionNode = FALSE
	EndGlobalSection
	GlobalSection(ExtensibilityGlobals) = postSolution
		SolutionGuid = {0F5F0CD6-E8C7-44BD-87B5-D70B5F668BBE}
	EndGlobalSection
EndGlobal
