
Microsoft Visual Studio Solution File, Format Version 12.00
# Visual Studio 15
VisualStudioVersion = 15.0.26730.16
MinimumVisualStudioVersion = 10.0.40219.1
Project("{FAE04EC0-301F-11D3-BF4B-00C04F79EFBC}") = "Romijnsconverter", "Romijnsconverter\Romijnsconverter.csproj", "{A09763E7-EF55-468F-9A56-38942A2F6AAA}"
EndProject
Global
	GlobalSection(SolutionConfigurationPlatforms) = preSolution
		Debug|Any CPU = Debug|Any CPU
		Release|Any CPU = Release|Any CPU
	EndGlobalSection
	GlobalSection(ProjectConfigurationPlatforms) = postSolution
		{A09763E7-EF55-468F-9A56-38942A2F6AAA}.Debug|Any CPU.ActiveCfg = Debug|Any CPU
		{A09763E7-EF55-468F-9A56-38942A2F6AAA}.Debug|Any CPU.Build.0 = Debug|Any CPU
		{A09763E7-EF55-468F-9A56-38942A2F6AAA}.Release|Any CPU.ActiveCfg = Release|Any CPU
		{A09763E7-EF55-468F-9A56-38942A2F6AAA}.Release|Any CPU.Build.0 = Release|Any CPU
	EndGlobalSection
	GlobalSection(SolutionProperties) = preSolution
		HideSolutionNode = FALSE
	EndGlobalSection
	GlobalSection(ExtensibilityGlobals) = postSolution
		SolutionGuid = {612130F9-4827-4B6D-A72D-2AA086D39ACE}
	EndGlobalSection
EndGlobal
